
Microsoft Visual Studio Solution File, Format Version 12.00
# Visual Studio Version 17
VisualStudioVersion = 17.4.33122.133
MinimumVisualStudioVersion = 10.0.40219.1
Project("{9A19103F-16F7-4668-BE54-9A1E7A4F7556}") = "CarRental", "CarRental\CarRental.csproj", "{16988218-9847-4C5C-8835-6597FD0363FB}"
EndProject
Project("{9A19103F-16F7-4668-BE54-9A1E7A4F7556}") = "CarRental.BLL", "CarRental.BLL\CarRental.BLL.csproj", "{47C9083E-0053-409B-BB3C-9BCECBDD8839}"
EndProject
Project("{9A19103F-16F7-4668-BE54-9A1E7A4F7556}") = "CarRental.DLL", "CarRental.DLL\CarRental.DLL.csproj", "{A089AB3D-44FE-414E-858A-07781EB76A65}"
EndProject
Project("{9A19103F-16F7-4668-BE54-9A1E7A4F7556}") = "PerformanceMeasuring", "PerformanceMeasuring\PerformanceMeasuring.csproj", "{64D79EEB-5983-4D1A-9183-65AAFD57FB54}"
EndProject
Project("{FAE04EC0-301F-11D3-BF4B-00C04F79EFBC}") = "CarRental.UnitTests", "CarRental.UnitTests\CarRental.UnitTests.csproj", "{AE76362E-28FF-4FC6-B9BA-75C75A932B2B}"
EndProject
Global
	GlobalSection(SolutionConfigurationPlatforms) = preSolution
		Debug|Any CPU = Debug|Any CPU
		Release|Any CPU = Release|Any CPU
	EndGlobalSection
	GlobalSection(ProjectConfigurationPlatforms) = postSolution
		{16988218-9847-4C5C-8835-6597FD0363FB}.Debug|Any CPU.ActiveCfg = Debug|Any CPU
		{16988218-9847-4C5C-8835-6597FD0363FB}.Debug|Any CPU.Build.0 = Debug|Any CPU
		{16988218-9847-4C5C-8835-6597FD0363FB}.Release|Any CPU.ActiveCfg = Release|Any CPU
		{16988218-9847-4C5C-8835-6597FD0363FB}.Release|Any CPU.Build.0 = Release|Any CPU
		{47C9083E-0053-409B-BB3C-9BCECBDD8839}.Debug|Any CPU.ActiveCfg = Debug|Any CPU
		{47C9083E-0053-409B-BB3C-9BCECBDD8839}.Debug|Any CPU.Build.0 = Debug|Any CPU
		{47C9083E-0053-409B-BB3C-9BCECBDD8839}.Release|Any CPU.ActiveCfg = Release|Any CPU
		{47C9083E-0053-409B-BB3C-9BCECBDD8839}.Release|Any CPU.Build.0 = Release|Any CPU
		{A089AB3D-44FE-414E-858A-07781EB76A65}.Debug|Any CPU.ActiveCfg = Debug|Any CPU
		{A089AB3D-44FE-414E-858A-07781EB76A65}.Debug|Any CPU.Build.0 = Debug|Any CPU
		{A089AB3D-44FE-414E-858A-07781EB76A65}.Release|Any CPU.ActiveCfg = Release|Any CPU
		{A089AB3D-44FE-414E-858A-07781EB76A65}.Release|Any CPU.Build.0 = Release|Any CPU
		{64D79EEB-5983-4D1A-9183-65AAFD57FB54}.Debug|Any CPU.ActiveCfg = Debug|Any CPU
		{64D79EEB-5983-4D1A-9183-65AAFD57FB54}.Debug|Any CPU.Build.0 = Debug|Any CPU
		{64D79EEB-5983-4D1A-9183-65AAFD57FB54}.Release|Any CPU.ActiveCfg = Release|Any CPU
		{64D79EEB-5983-4D1A-9183-65AAFD57FB54}.Release|Any CPU.Build.0 = Release|Any CPU
		{AE76362E-28FF-4FC6-B9BA-75C75A932B2B}.Debug|Any CPU.ActiveCfg = Debug|Any CPU
		{AE76362E-28FF-4FC6-B9BA-75C75A932B2B}.Debug|Any CPU.Build.0 = Debug|Any CPU
		{AE76362E-28FF-4FC6-B9BA-75C75A932B2B}.Release|Any CPU.ActiveCfg = Release|Any CPU
		{AE76362E-28FF-4FC6-B9BA-75C75A932B2B}.Release|Any CPU.Build.0 = Release|Any CPU
	EndGlobalSection
	GlobalSection(SolutionProperties) = preSolution
		HideSolutionNode = FALSE
	EndGlobalSection
	GlobalSection(ExtensibilityGlobals) = postSolution
		SolutionGuid = {8A2D950D-F521-4952-9787-942105550FD4}
	EndGlobalSection
EndGlobal
